
Microsoft Visual Studio Solution File, Format Version 12.00
# Visual Studio Version 16
VisualStudioVersion = 16.0.29324.140
MinimumVisualStudioVersion = 10.0.40219.1
Project("{FAE04EC0-301F-11D3-BF4B-00C04F79EFBC}") = "MvcBigBank", "MvcBigBank\MvcBigBank.csproj", "{BE2A9A51-85FA-49F5-AE95-61389FB7777D}"
EndProject
Global
	GlobalSection(SolutionConfigurationPlatforms) = preSolution
		Debug|Any CPU = Debug|Any CPU
		Release|Any CPU = Release|Any CPU
	EndGlobalSection
	GlobalSection(ProjectConfigurationPlatforms) = postSolution
		{BE2A9A51-85FA-49F5-AE95-61389FB7777D}.Debug|Any CPU.ActiveCfg = Debug|Any CPU
		{BE2A9A51-85FA-49F5-AE95-61389FB7777D}.Debug|Any CPU.Build.0 = Debug|Any CPU
		{BE2A9A51-85FA-49F5-AE95-61389FB7777D}.Release|Any CPU.ActiveCfg = Release|Any CPU
		{BE2A9A51-85FA-49F5-AE95-61389FB7777D}.Release|Any CPU.Build.0 = Release|Any CPU
	EndGlobalSection
	GlobalSection(SolutionProperties) = preSolution
		HideSolutionNode = FALSE
	EndGlobalSection
	GlobalSection(ExtensibilityGlobals) = postSolution
		SolutionGuid = {EC738C64-8D88-46B3-B9D0-0CB6D4450628}
	EndGlobalSection
EndGlobal
